// !$*UTF8*$!
{
	archiveVersion = 1;
	classes = {
	};
	objectVersion = 46;
	objects = {

/* Begin PBXBuildFile section */
		C7A61A081D8149F800B8F9EC /* main.m in Sources */ = {isa = PBXBuildFile; fileRef = C7A61A071D8149F800B8F9EC /* main.m */; };
		C7A61A0B1D8149F800B8F9EC /* AppDelegate.m in Sources */ = {isa = PBXBuildFile; fileRef = C7A61A0A1D8149F800B8F9EC /* AppDelegate.m */; };
		C7A61A0E1D8149F800B8F9EC /* ViewController.m in Sources */ = {isa = PBXBuildFile; fileRef = C7A61A0D1D8149F800B8F9EC /* ViewController.m */; };
		C7A61A111D8149F800B8F9EC /* Main.storyboard in Resources */ = {isa = PBXBuildFile; fileRef = C7A61A0F1D8149F800B8F9EC /* Main.storyboard */; };
		C7A61A141D8149F800B8F9EC /* CountDownButtonDemo.xcdatamodeld in Sources */ = {isa = PBXBuildFile; fileRef = C7A61A121D8149F800B8F9EC /* CountDownButtonDemo.xcdatamodeld */; };
		C7A61A161D8149F800B8F9EC /* Assets.xcassets in Resources */ = {isa = PBXBuildFile; fileRef = C7A61A151D8149F800B8F9EC /* Assets.xcassets */; };
		C7A61A191D8149F800B8F9EC /* LaunchScreen.storyboard in Resources */ = {isa = PBXBuildFile; fileRef = C7A61A171D8149F800B8F9EC /* LaunchScreen.storyboard */; };
		C7A61A241D8149F800B8F9EC /* CountDownButtonDemoTests.m in Sources */ = {isa = PBXBuildFile; fileRef = C7A61A231D8149F800B8F9EC /* CountDownButtonDemoTests.m */; };
		C7A61A2F1D8149F800B8F9EC /* CountDownButtonDemoUITests.m in Sources */ = {isa = PBXBuildFile; fileRef = C7A61A2E1D8149F800B8F9EC /* CountDownButtonDemoUITests.m */; };
		C7A61A431D814A5800B8F9EC /* CountDownButton.m in Sources */ = {isa = PBXBuildFile; fileRef = C7A61A411D814A5800B8F9EC /* CountDownButton.m */; };
		C7A61A441D814A5800B8F9EC /* NumberMorphView.swift in Sources */ = {isa = PBXBuildFile; fileRef = C7A61A421D814A5800B8F9EC /* NumberMorphView.swift */; };
/* End PBXBuildFile section */

/* Begin PBXContainerItemProxy section */
		C7A61A201D8149F800B8F9EC /* PBXContainerItemProxy */ = {
			isa = PBXContainerItemProxy;
			containerPortal = C7A619FB1D8149F700B8F9EC /* Project object */;
			proxyType = 1;
			remoteGlobalIDString = C7A61A021D8149F700B8F9EC;
			remoteInfo = CountDownButtonDemo;
		};
		C7A61A2B1D8149F800B8F9EC /* PBXContainerItemProxy */ = {
			isa = PBXContainerItemProxy;
			containerPortal = C7A619FB1D8149F700B8F9EC /* Project object */;
			proxyType = 1;
			remoteGlobalIDString = C7A61A021D8149F700B8F9EC;
			remoteInfo = CountDownButtonDemo;
		};
/* End PBXContainerItemProxy section */

/* Begin PBXFileReference section */
		C7A61A031D8149F700B8F9EC /* CountDownButtonDemo.app */ = {isa = PBXFileReference; explicitFileType = wrapper.application; includeInIndex = 0; path = CountDownButtonDemo.app; sourceTree = BUILT_PRODUCTS_DIR; };
		C7A61A071D8149F800B8F9EC /* main.m */ = {isa = PBXFileReference; lastKnownFileType = sourcecode.c.objc; path = main.m; sourceTree = "<group>"; };
		C7A61A091D8149F800B8F9EC /* AppDelegate.h */ = {isa = PBXFileReference; lastKnownFileType = sourcecode.c.h; path = AppDelegate.h; sourceTree = "<group>"; };
		C7A61A0A1D8149F800B8F9EC /* AppDelegate.m */ = {isa = PBXFileReference; lastKnownFileType = sourcecode.c.objc; path = AppDelegate.m; sourceTree = "<group>"; };
		C7A61A0C1D8149F800B8F9EC /* ViewController.h */ = {isa = PBXFileReference; lastKnownFileType = sourcecode.c.h; path = ViewController.h; sourceTree = "<group>"; };
		C7A61A0D1D8149F800B8F9EC /* ViewController.m */ = {isa = PBXFileReference; lastKnownFileType = sourcecode.c.objc; path = ViewController.m; sourceTree = "<group>"; };
		C7A61A101D8149F800B8F9EC /* Base */ = {isa = PBXFileReference; lastKnownFileType = file.storyboard; name = Base; path = Base.lproj/Main.storyboard; sourceTree = "<group>"; };
		C7A61A131D8149F800B8F9EC /* CountDownButtonDemo.xcdatamodel */ = {isa = PBXFileReference; lastKnownFileType = wrapper.xcdatamodel; path = CountDownButtonDemo.xcdatamodel; sourceTree = "<group>"; };
		C7A61A151D8149F800B8F9EC /* Assets.xcassets */ = {isa = PBXFileReference; lastKnownFileType = folder.assetcatalog; path = Assets.xcassets; sourceTree = "<group>"; };
		C7A61A181D8149F800B8F9EC /* Base */ = {isa = PBXFileReference; lastKnownFileType = file.storyboard; name = Base; path = Base.lproj/LaunchScreen.storyboard; sourceTree = "<group>"; };
		C7A61A1A1D8149F800B8F9EC /* Info.plist */ = {isa = PBXFileReference; lastKnownFileType = text.plist.xml; path = Info.plist; sourceTree = "<group>"; };
		C7A61A1F1D8149F800B8F9EC /* CountDownButtonDemoTests.xctest */ = {isa = PBXFileReference; explicitFileType = wrapper.cfbundle; includeInIndex = 0; path = CountDownButtonDemoTests.xctest; sourceTree = BUILT_PRODUCTS_DIR; };
		C7A61A231D8149F800B8F9EC /* CountDownButtonDemoTests.m */ = {isa = PBXFileReference; lastKnownFileType = sourcecode.c.objc; path = CountDownButtonDemoTests.m; sourceTree = "<group>"; };
		C7A61A251D8149F800B8F9EC /* Info.plist */ = {isa = PBXFileReference; lastKnownFileType = text.plist.xml; path = Info.plist; sourceTree = "<group>"; };
		C7A61A2A1D8149F800B8F9EC /* CountDownButtonDemoUITests.xctest */ = {isa = PBXFileReference; explicitFileType = wrapper.cfbundle; includeInIndex = 0; path = CountDownButtonDemoUITests.xctest; sourceTree = BUILT_PRODUCTS_DIR; };
		C7A61A2E1D8149F800B8F9EC /* CountDownButtonDemoUITests.m */ = {isa = PBXFileReference; lastKnownFileType = sourcecode.c.objc; path = CountDownButtonDemoUITests.m; sourceTree = "<group>"; };
		C7A61A301D8149F800B8F9EC /* Info.plist */ = {isa = PBXFileReference; lastKnownFileType = text.plist.xml; path = Info.plist; sourceTree = "<group>"; };
		C7A61A3C1D814A2B00B8F9EC /* CountDownButtonDemo-Bridging-Header.h */ = {isa = PBXFileReference; lastKnownFileType = sourcecode.c.h; path = "CountDownButtonDemo-Bridging-Header.h"; sourceTree = "<group>"; };
		C7A61A401D814A5800B8F9EC /* CountDownButton.h */ = {isa = PBXFileReference; fileEncoding = 4; lastKnownFileType = sourcecode.c.h; path = CountDownButton.h; sourceTree = "<group>"; };
		C7A61A411D814A5800B8F9EC /* CountDownButton.m */ = {isa = PBXFileReference; fileEncoding = 4; lastKnownFileType = sourcecode.c.objc; path = CountDownButton.m; sourceTree = "<group>"; };
		C7A61A421D814A5800B8F9EC /* NumberMorphView.swift */ = {isa = PBXFileReference; fileEncoding = 4; lastKnownFileType = sourcecode.swift; path = NumberMorphView.swift; sourceTree = "<group>"; };
/* End PBXFileReference section */

/* Begin PBXFrameworksBuildPhase section */
		C7A61A001D8149F700B8F9EC /* Frameworks */ = {
			isa = PBXFrameworksBuildPhase;
			buildActionMask = 2147483647;
			files = (
			);
			runOnlyForDeploymentPostprocessing = 0;
		};
		C7A61A1C1D8149F800B8F9EC /* Frameworks */ = {
			isa = PBXFrameworksBuildPhase;
			buildActionMask = 2147483647;
			files = (
			);
			runOnlyForDeploymentPostprocessing = 0;
		};
		C7A61A271D8149F800B8F9EC /* Frameworks */ = {
			isa = PBXFrameworksBuildPhase;
			buildActionMask = 2147483647;
			files = (
			);
			runOnlyForDeploymentPostprocessing = 0;
		};
/* End PBXFrameworksBuildPhase section */

/* Begin PBXGroup section */
		C7A619FA1D8149F700B8F9EC = {
			isa = PBXGroup;
			children = (
				C7A61A051D8149F700B8F9EC /* CountDownButtonDemo */,
				C7A61A221D8149F800B8F9EC /* CountDownButtonDemoTests */,
				C7A61A2D1D8149F800B8F9EC /* CountDownButtonDemoUITests */,
				C7A61A041D8149F700B8F9EC /* Products */,
			);
			sourceTree = "<group>";
		};
		C7A61A041D8149F700B8F9EC /* Products */ = {
			isa = PBXGroup;
			children = (
				C7A61A031D8149F700B8F9EC /* CountDownButtonDemo.app */,
				C7A61A1F1D8149F800B8F9EC /* CountDownButtonDemoTests.xctest */,
				C7A61A2A1D8149F800B8F9EC /* CountDownButtonDemoUITests.xctest */,
			);
			name = Products;
			sourceTree = "<group>";
		};
		C7A61A051D8149F700B8F9EC /* CountDownButtonDemo */ = {
			isa = PBXGroup;
			children = (
				C7A61A3F1D814A5800B8F9EC /* CountDownButton */,
				C7A61A091D8149F800B8F9EC /* AppDelegate.h */,
				C7A61A0A1D8149F800B8F9EC /* AppDelegate.m */,
				C7A61A0C1D8149F800B8F9EC /* ViewController.h */,
				C7A61A0D1D8149F800B8F9EC /* ViewController.m */,
				C7A61A0F1D8149F800B8F9EC /* Main.storyboard */,
				C7A61A151D8149F800B8F9EC /* Assets.xcassets */,
				C7A61A171D8149F800B8F9EC /* LaunchScreen.storyboard */,
				C7A61A1A1D8149F800B8F9EC /* Info.plist */,
				C7A61A121D8149F800B8F9EC /* CountDownButtonDemo.xcdatamodeld */,
				C7A61A061D8149F800B8F9EC /* Supporting Files */,
				C7A61A3C1D814A2B00B8F9EC /* CountDownButtonDemo-Bridging-Header.h */,
			);
			path = CountDownButtonDemo;
			sourceTree = "<group>";
		};
		C7A61A061D8149F800B8F9EC /* Supporting Files */ = {
			isa = PBXGroup;
			children = (
				C7A61A071D8149F800B8F9EC /* main.m */,
			);
			name = "Supporting Files";
			sourceTree = "<group>";
		};
		C7A61A221D8149F800B8F9EC /* CountDownButtonDemoTests */ = {
			isa = PBXGroup;
			children = (
				C7A61A231D8149F800B8F9EC /* CountDownButtonDemoTests.m */,
				C7A61A251D8149F800B8F9EC /* Info.plist */,
			);
			path = CountDownButtonDemoTests;
			sourceTree = "<group>";
		};
		C7A61A2D1D8149F800B8F9EC /* CountDownButtonDemoUITests */ = {
			isa = PBXGroup;
			children = (
				C7A61A2E1D8149F800B8F9EC /* CountDownButtonDemoUITests.m */,
				C7A61A301D8149F800B8F9EC /* Info.plist */,
			);
			path = CountDownButtonDemoUITests;
			sourceTree = "<group>";
		};
		C7A61A3F1D814A5800B8F9EC /* CountDownButton */ = {
			isa = PBXGroup;
			children = (
				C7A61A401D814A5800B8F9EC /* CountDownButton.h */,
				C7A61A411D814A5800B8F9EC /* CountDownButton.m */,
				C7A61A421D814A5800B8F9EC /* NumberMorphView.swift */,
			);
			path = CountDownButton;
			sourceTree = "<group>";
		};
/* End PBXGroup section */

/* Begin PBXNativeTarget section */
		C7A61A021D8149F700B8F9EC /* CountDownButtonDemo */ = {
			isa = PBXNativeTarget;
			buildConfigurationList = C7A61A331D8149F800B8F9EC /* Build configuration list for PBXNativeTarget "CountDownButtonDemo" */;
			buildPhases = (
				C7A619FF1D8149F700B8F9EC /* Sources */,
				C7A61A001D8149F700B8F9EC /* Frameworks */,
				C7A61A011D8149F700B8F9EC /* Resources */,
			);
			buildRules = (
			);
			dependencies = (
			);
			name = CountDownButtonDemo;
			productName = CountDownButtonDemo;
			productReference = C7A61A031D8149F700B8F9EC /* CountDownButtonDemo.app */;
			productType = "com.apple.product-type.application";
		};
		C7A61A1E1D8149F800B8F9EC /* CountDownButtonDemoTests */ = {
			isa = PBXNativeTarget;
			buildConfigurationList = C7A61A361D8149F800B8F9EC /* Build configuration list for PBXNativeTarget "CountDownButtonDemoTests" */;
			buildPhases = (
				C7A61A1B1D8149F800B8F9EC /* Sources */,
				C7A61A1C1D8149F800B8F9EC /* Frameworks */,
				C7A61A1D1D8149F800B8F9EC /* Resources */,
			);
			buildRules = (
			);
			dependencies = (
				C7A61A211D8149F800B8F9EC /* PBXTargetDependency */,
			);
			name = CountDownButtonDemoTests;
			productName = CountDownButtonDemoTests;
			productReference = C7A61A1F1D8149F800B8F9EC /* CountDownButtonDemoTests.xctest */;
			productType = "com.apple.product-type.bundle.unit-test";
		};
		C7A61A291D8149F800B8F9EC /* CountDownButtonDemoUITests */ = {
			isa = PBXNativeTarget;
			buildConfigurationList = C7A61A391D8149F800B8F9EC /* Build configuration list for PBXNativeTarget "CountDownButtonDemoUITests" */;
			buildPhases = (
				C7A61A261D8149F800B8F9EC /* Sources */,
				C7A61A271D8149F800B8F9EC /* Frameworks */,
				C7A61A281D8149F800B8F9EC /* Resources */,
			);
			buildRules = (
			);
			dependencies = (
				C7A61A2C1D8149F800B8F9EC /* PBXTargetDependency */,
			);
			name = CountDownButtonDemoUITests;
			productName = CountDownButtonDemoUITests;
			productReference = C7A61A2A1D8149F800B8F9EC /* CountDownButtonDemoUITests.xctest */;
			productType = "com.apple.product-type.bundle.ui-testing";
		};
/* End PBXNativeTarget section */

/* Begin PBXProject section */
		C7A619FB1D8149F700B8F9EC /* Project object */ = {
			isa = PBXProject;
			attributes = {
				LastUpgradeCheck = 0730;
				ORGANIZATIONNAME = zgcc;
				TargetAttributes = {
					C7A61A021D8149F700B8F9EC = {
						CreatedOnToolsVersion = 7.3.1;
					};
					C7A61A1E1D8149F800B8F9EC = {
						CreatedOnToolsVersion = 7.3.1;
						TestTargetID = C7A61A021D8149F700B8F9EC;
					};
					C7A61A291D8149F800B8F9EC = {
						CreatedOnToolsVersion = 7.3.1;
						TestTargetID = C7A61A021D8149F700B8F9EC;
					};
				};
			};
			buildConfigurationList = C7A619FE1D8149F700B8F9EC /* Build configuration list for PBXProject "CountDownButtonDemo" */;
			compatibilityVersion = "Xcode 3.2";
			developmentRegion = English;
			hasScannedForEncodings = 0;
			knownRegions = (
				en,
				Base,
			);
			mainGroup = C7A619FA1D8149F700B8F9EC;
			productRefGroup = C7A61A041D8149F700B8F9EC /* Products */;
			projectDirPath = "";
			projectRoot = "";
			targets = (
				C7A61A021D8149F700B8F9EC /* CountDownButtonDemo */,
				C7A61A1E1D8149F800B8F9EC /* CountDownButtonDemoTests */,
				C7A61A291D8149F800B8F9EC /* CountDownButtonDemoUITests */,
			);
		};
/* End PBXProject section */

/* Begin PBXResourcesBuildPhase section */
		C7A61A011D8149F700B8F9EC /* Resources */ = {
			isa = PBXResourcesBuildPhase;
			buildActionMask = 2147483647;
			files = (
				C7A61A191D8149F800B8F9EC /* LaunchScreen.storyboard in Resources */,
				C7A61A161D8149F800B8F9EC /* Assets.xcassets in Resources */,
				C7A61A111D8149F800B8F9EC /* Main.storyboard in Resources */,
			);
			runOnlyForDeploymentPostprocessing = 0;
		};
		C7A61A1D1D8149F800B8F9EC /* Resources */ = {
			isa = PBXResourcesBuildPhase;
			buildActionMask = 2147483647;
			files = (
			);
			runOnlyForDeploymentPostprocessing = 0;
		};
		C7A61A281D8149F800B8F9EC /* Resources */ = {
			isa = PBXResourcesBuildPhase;
			buildActionMask = 2147483647;
			files = (
			);
			runOnlyForDeploymentPostprocessing = 0;
		};
/* End PBXResourcesBuildPhase section */

/* Begin PBXSourcesBuildPhase section */
		C7A619FF1D8149F700B8F9EC /* Sources */ = {
			isa = PBXSourcesBuildPhase;
			buildActionMask = 2147483647;
			files = (
				C7A61A141D8149F800B8F9EC /* CountDownButtonDemo.xcdatamodeld in Sources */,
				C7A61A0E1D8149F800B8F9EC /* ViewController.m in Sources */,
				C7A61A441D814A5800B8F9EC /* NumberMorphView.swift in Sources */,
				C7A61A431D814A5800B8F9EC /* CountDownButton.m in Sources */,
				C7A61A0B1D8149F800B8F9EC /* AppDelegate.m in Sources */,
				C7A61A081D8149F800B8F9EC /* main.m in Sources */,
			);
			runOnlyForDeploymentPostprocessing = 0;
		};
		C7A61A1B1D8149F800B8F9EC /* Sources */ = {
			isa = PBXSourcesBuildPhase;
			buildActionMask = 2147483647;
			files = (
				C7A61A241D8149F800B8F9EC /* CountDownButtonDemoTests.m in Sources */,
			);
			runOnlyForDeploymentPostprocessing = 0;
		};
		C7A61A261D8149F800B8F9EC /* Sources */ = {
			isa = PBXSourcesBuildPhase;
			buildActionMask = 2147483647;
			files = (
				C7A61A2F1D8149F800B8F9EC /* CountDownButtonDemoUITests.m in Sources */,
			);
			runOnlyForDeploymentPostprocessing = 0;
		};
/* End PBXSourcesBuildPhase section */

/* Begin PBXTargetDependency section */
		C7A61A211D8149F800B8F9EC /* PBXTargetDependency */ = {
			isa = PBXTargetDependency;
			target = C7A61A021D8149F700B8F9EC /* CountDownButtonDemo */;
			targetProxy = C7A61A201D8149F800B8F9EC /* PBXContainerItemProxy */;
		};
		C7A61A2C1D8149F800B8F9EC /* PBXTargetDependency */ = {
			isa = PBXTargetDependency;
			target = C7A61A021D8149F700B8F9EC /* CountDownButtonDemo */;
			targetProxy = C7A61A2B1D8149F800B8F9EC /* PBXContainerItemProxy */;
		};
/* End PBXTargetDependency section */

/* Begin PBXVariantGroup section */
		C7A61A0F1D8149F800B8F9EC /* Main.storyboard */ = {
			isa = PBXVariantGroup;
			children = (
				C7A61A101D8149F800B8F9EC /* Base */,
			);
			name = Main.storyboard;
			sourceTree = "<group>";
		};
		C7A61A171D8149F800B8F9EC /* LaunchScreen.storyboard */ = {
			isa = PBXVariantGroup;
			children = (
				C7A61A181D8149F800B8F9EC /* Base */,
			);
			name = LaunchScreen.storyboard;
			sourceTree = "<group>";
		};
/* End PBXVariantGroup section */

/* Begin XCBuildConfiguration section */
		C7A61A311D8149F800B8F9EC /* Debug */ = {
			isa = XCBuildConfiguration;
			buildSettings = {
				ALWAYS_SEARCH_USER_PATHS = NO;
				CLANG_ANALYZER_NONNULL = YES;
				CLANG_CXX_LANGUAGE_STANDARD = "gnu++0x";
				CLANG_CXX_LIBRARY = "libc++";
				CLANG_ENABLE_MODULES = YES;
				CLANG_ENABLE_OBJC_ARC = YES;
				CLANG_WARN_BOOL_CONVERSION = YES;
				CLANG_WARN_CONSTANT_CONVERSION = YES;
				CLANG_WARN_DIRECT_OBJC_ISA_USAGE = YES_ERROR;
				CLANG_WARN_EMPTY_BODY = YES;
				CLANG_WARN_ENUM_CONVERSION = YES;
				CLANG_WARN_INT_CONVERSION = YES;
				CLANG_WARN_OBJC_ROOT_CLASS = YES_ERROR;
				CLANG_WARN_UNREACHABLE_CODE = YES;
				CLANG_WARN__DUPLICATE_METHOD_MATCH = YES;
				"CODE_SIGN_IDENTITY[sdk=iphoneos*]" = "iPhone Developer";
				COPY_PHASE_STRIP = NO;
				DEBUG_INFORMATION_FORMAT = dwarf;
				ENABLE_STRICT_OBJC_MSGSEND = YES;
				ENABLE_TESTABILITY = YES;
				GCC_C_LANGUAGE_STANDARD = gnu99;
				GCC_DYNAMIC_NO_PIC = NO;
				GCC_NO_COMMON_BLOCKS = YES;
				GCC_OPTIMIZATION_LEVEL = 0;
				GCC_PREPROCESSOR_DEFINITIONS = (
					"DEBUG=1",
					"$(inherited)",
				);
				GCC_WARN_64_TO_32_BIT_CONVERSION = YES;
				GCC_WARN_ABOUT_RETURN_TYPE = YES_ERROR;
				GCC_WARN_UNDECLARED_SELECTOR = YES;
				GCC_WARN_UNINITIALIZED_AUTOS = YES_AGGRESSIVE;
				GCC_WARN_UNUSED_FUNCTION = YES;
				GCC_WARN_UNUSED_VARIABLE = YES;
				IPHONEOS_DEPLOYMENT_TARGET = 9.3;
				MTL_ENABLE_DEBUG_INFO = YES;
				ONLY_ACTIVE_ARCH = YES;
				SDKROOT = iphoneos;
			};
			name = Debug;
		};
		C7A61A321D8149F800B8F9EC /* Release */ = {
			isa = XCBuildConfiguration;
			buildSettings = {
				ALWAYS_SEARCH_USER_PATHS = NO;
				CLANG_ANALYZER_NONNULL = YES;
				CLANG_CXX_LANGUAGE_STANDARD = "gnu++0x";
				CLANG_CXX_LIBRARY = "libc++";
				CLANG_ENABLE_MODULES = YES;
				CLANG_ENABLE_OBJC_ARC = YES;
				CLANG_WARN_BOOL_CONVERSION = YES;
				CLANG_WARN_CONSTANT_CONVERSION = YES;
				CLANG_WARN_DIRECT_OBJC_ISA_USAGE = YES_ERROR;
				CLANG_WARN_EMPTY_BODY = YES;
				CLANG_WARN_ENUM_CONVERSION = YES;
				CLANG_WARN_INT_CONVERSION = YES;
				CLANG_WARN_OBJC_ROOT_CLASS = YES_ERROR;
				CLANG_WARN_UNREACHABLE_CODE = YES;
				CLANG_WARN__DUPLICATE_METHOD_MATCH = YES;
				"CODE_SIGN_IDENTITY[sdk=iphoneos*]" = "iPhone Developer";
				COPY_PHASE_STRIP = NO;
				DEBUG_INFORMATION_FORMAT = "dwarf-with-dsym";
				ENABLE_NS_ASSERTIONS = NO;
				ENABLE_STRICT_OBJC_MSGSEND = YES;
				GCC_C_LANGUAGE_STANDARD = gnu99;
				GCC_NO_COMMON_BLOCKS = YES;
				GCC_WARN_64_TO_32_BIT_CONVERSION = YES;
				GCC_WARN_ABOUT_RETURN_TYPE = YES_ERROR;
				GCC_WARN_UNDECLARED_SELECTOR = YES;
				GCC_WARN_UNINITIALIZED_AUTOS = YES_AGGRESSIVE;
				GCC_WARN_UNUSED_FUNCTION = YES;
				GCC_WARN_UNUSED_VARIABLE = YES;
				IPHONEOS_DEPLOYMENT_TARGET = 9.3;
				MTL_ENABLE_DEBUG_INFO = NO;
				SDKROOT = iphoneos;
				VALIDATE_PRODUCT = YES;
			};
			name = Release;
		};
		C7A61A341D8149F800B8F9EC /* Debug */ = {
			isa = XCBuildConfiguration;
			buildSettings = {
				ASSETCATALOG_COMPILER_APPICON_NAME = AppIcon;
				CLANG_ENABLE_MODULES = YES;
				INFOPLIST_FILE = CountDownButtonDemo/Info.plist;
				LD_RUNPATH_SEARCH_PATHS = "$(inherited) @executable_path/Frameworks";
				PRODUCT_BUNDLE_IDENTIFIER = com.zgcc.CountDownButtonDemo;
				PRODUCT_NAME = "$(TARGET_NAME)";
				SWIFT_OBJC_BRIDGING_HEADER = "CountDownButtonDemo/CountDownButtonDemo-Bridging-Header.h";
				SWIFT_OPTIMIZATION_LEVEL = "-Onone";
			};
			name = Debug;
		};
		C7A61A351D8149F800B8F9EC /* Release */ = {
			isa = XCBuildConfiguration;
			buildSettings = {
				ASSETCATALOG_COMPILER_APPICON_NAME = AppIcon;
				CLANG_ENABLE_MODULES = YES;
				INFOPLIST_FILE = CountDownButtonDemo/Info.plist;
				LD_RUNPATH_SEARCH_PATHS = "$(inherited) @executable_path/Frameworks";
				PRODUCT_BUNDLE_IDENTIFIER = com.zgcc.CountDownButtonDemo;
				PRODUCT_NAME = "$(TARGET_NAME)";
				SWIFT_OBJC_BRIDGING_HEADER = "CountDownButtonDemo/CountDownButtonDemo-Bridging-Header.h";
			};
			name = Release;
		};
		C7A61A371D8149F800B8F9EC /* Debug */ = {
			isa = XCBuildConfiguration;
			buildSettings = {
				BUNDLE_LOADER = "$(TEST_HOST)";
				INFOPLIST_FILE = CountDownButtonDemoTests/Info.plist;
				LD_RUNPATH_SEARCH_PATHS = "$(inherited) @executable_path/Frameworks @loader_path/Frameworks";
				PRODUCT_BUNDLE_IDENTIFIER = com.zgcc.CountDownButtonDemoTests;
				PRODUCT_NAME = "$(TARGET_NAME)";
				TEST_HOST = "$(BUILT_PRODUCTS_DIR)/CountDownButtonDemo.app/CountDownButtonDemo";
			};
			name = Debug;
		};
		C7A61A381D8149F800B8F9EC /* Release */ = {
			isa = XCBuildConfiguration;
			buildSettings = {
				BUNDLE_LOADER = "$(TEST_HOST)";
				INFOPLIST_FILE = CountDownButtonDemoTests/Info.plist;
				LD_RUNPATH_SEARCH_PATHS = "$(inherited) @executable_path/Frameworks @loader_path/Frameworks";
				PRODUCT_BUNDLE_IDENTIFIER = com.zgcc.CountDownButtonDemoTests;
				PRODUCT_NAME = "$(TARGET_NAME)";
				TEST_HOST = "$(BUILT_PRODUCTS_DIR)/CountDownButtonDemo.app/CountDownButtonDemo";
			};
			name = Release;
		};
		C7A61A3A1D8149F800B8F9EC /* Debug */ = {
			isa = XCBuildConfiguration;
			buildSettings = {
				INFOPLIST_FILE = CountDownButtonDemoUITests/Info.plist;
				LD_RUNPATH_SEARCH_PATHS = "$(inherited) @executable_path/Frameworks @loader_path/Frameworks";
				PRODUCT_BUNDLE_IDENTIFIER = com.zgcc.CountDownButtonDemoUITests;
				PRODUCT_NAME = "$(TARGET_NAME)";
				TEST_TARGET_NAME = CountDownButtonDemo;
			};
			name = Debug;
		};
		C7A61A3B1D8149F800B8F9EC /* Release */ = {
			isa = XCBuildConfiguration;
			buildSettings = {
				INFOPLIST_FILE = CountDownButtonDemoUITests/Info.plist;
				LD_RUNPATH_SEARCH_PATHS = "$(inherited) @executable_path/Frameworks @loader_path/Frameworks";
				PRODUCT_BUNDLE_IDENTIFIER = com.zgcc.CountDownButtonDemoUITests;
				PRODUCT_NAME = "$(TARGET_NAME)";
				TEST_TARGET_NAME = CountDownButtonDemo;
			};
			name = Release;
		};
/* End XCBuildConfiguration section */

/* Begin XCConfigurationList section */
		C7A619FE1D8149F700B8F9EC /* Build configuration list for PBXProject "CountDownButtonDemo" */ = {
			isa = XCConfigurationList;
			buildConfigurations = (
				C7A61A311D8149F800B8F9EC /* Debug */,
				C7A61A321D8149F800B8F9EC /* Release */,
			);
			defaultConfigurationIsVisible = 0;
			defaultConfigurationName = Release;
		};
		C7A61A331D8149F800B8F9EC /* Build configuration list for PBXNativeTarget "CountDownButtonDemo" */ = {
			isa = XCConfigurationList;
			buildConfigurations = (
				C7A61A341D8149F800B8F9EC /* Debug */,
				C7A61A351D8149F800B8F9EC /* Release */,
			);
			defaultConfigurationIsVisible = 0;
		};
		C7A61A361D8149F800B8F9EC /* Build configuration list for PBXNativeTarget "CountDownButtonDemoTests" */ = {
			isa = XCConfigurationList;
			buildConfigurations = (
				C7A61A371D8149F800B8F9EC /* Debug */,
				C7A61A381D8149F800B8F9EC /* Release */,
			);
			defaultConfigurationIsVisible = 0;
		};
		C7A61A391D8149F800B8F9EC /* Build configuration list for PBXNativeTarget "CountDownButtonDemoUITests" */ = {
			isa = XCConfigurationList;
			buildConfigurations = (
				C7A61A3A1D8149F800B8F9EC /* Debug */,
				C7A61A3B1D8149F800B8F9EC /* Release */,
			);
			defaultConfigurationIsVisible = 0;
		};
/* End XCConfigurationList section */

/* Begin XCVersionGroup section */
		C7A61A121D8149F800B8F9EC /* CountDownButtonDemo.xcdatamodeld */ = {
			isa = XCVersionGroup;
			children = (
				C7A61A131D8149F800B8F9EC /* CountDownButtonDemo.xcdatamodel */,
			);
			currentVersion = C7A61A131D8149F800B8F9EC /* CountDownButtonDemo.xcdatamodel */;
			path = CountDownButtonDemo.xcdatamodeld;
			sourceTree = "<group>";
			versionGroupType = wrapper.xcdatamodel;
		};
/* End XCVersionGroup section */
	};
	rootObject = C7A619FB1D8149F700B8F9EC /* Project object */;
}
